
Microsoft Visual Studio Solution File, Format Version 12.00
# Visual Studio Version 16
VisualStudioVersion = 16.0.808.3
MinimumVisualStudioVersion = 10.0.40219.1
Project("{FAE04EC0-301F-11D3-BF4B-00C04F79EFBC}") = "Exercise2.4", "Exercise2.4\Exercise2.4.csproj", "{36456FC8-6B09-45DF-842A-C3E9284C0373}"
EndProject
Global
	GlobalSection(SolutionConfigurationPlatforms) = preSolution
		Debug|anycpu = Debug|anycpu
		Release|anycpu = Release|anycpu
	EndGlobalSection
	GlobalSection(ProjectConfigurationPlatforms) = postSolution
		{36456FC8-6B09-45DF-842A-C3E9284C0373}.Debug|anycpu.ActiveCfg = Debug|anycpu
		{36456FC8-6B09-45DF-842A-C3E9284C0373}.Debug|anycpu.Build.0 = Debug|anycpu
		{36456FC8-6B09-45DF-842A-C3E9284C0373}.Release|anycpu.ActiveCfg = Release|anycpu
		{36456FC8-6B09-45DF-842A-C3E9284C0373}.Release|anycpu.Build.0 = Release|anycpu
	EndGlobalSection
	GlobalSection(SolutionProperties) = preSolution
		HideSolutionNode = FALSE
	EndGlobalSection
	GlobalSection(ExtensibilityGlobals) = postSolution
		SolutionGuid = {197720FD-0014-469D-A37E-457A42301AA2}
	EndGlobalSection
EndGlobal
