
Microsoft Visual Studio Solution File, Format Version 12.00
# Visual Studio 15
Project("{FAE04EC0-301F-11D3-BF4B-00C04F79EFBC}") = "ProgrammingAssignment2", "ProgrammingAssignment2\ProgrammingAssignment2.csproj", "{0D43949C-9665-4F1B-AEB2-038D4753221D}"
EndProject
Global
	GlobalSection(SolutionConfigurationPlatforms) = preSolution
		Debug|Any CPU = Debug|Any CPU
		Release|Any CPU = Release|Any CPU
	EndGlobalSection
	GlobalSection(ProjectConfigurationPlatforms) = postSolution
		{0D43949C-9665-4F1B-AEB2-038D4753221D}.Debug|Any CPU.ActiveCfg = Debug|Any CPU
		{0D43949C-9665-4F1B-AEB2-038D4753221D}.Debug|Any CPU.Build.0 = Debug|Any CPU
		{0D43949C-9665-4F1B-AEB2-038D4753221D}.Release|Any CPU.ActiveCfg = Release|Any CPU
		{0D43949C-9665-4F1B-AEB2-038D4753221D}.Release|Any CPU.Build.0 = Release|Any CPU
	EndGlobalSection
EndGlobal
