
Microsoft Visual Studio Solution File, Format Version 12.00
# Visual Studio Version 16
VisualStudioVersion = 16.0.808.3
MinimumVisualStudioVersion = 10.0.40219.1
Project("{FAE04EC0-301F-11D3-BF4B-00C04F79EFBC}") = "exercise_1.1", "exercise_1.1\exercise_1.1.csproj", "{DFA1D949-2E89-41CB-AA26-C2666815EE67}"
EndProject
Global
	GlobalSection(SolutionConfigurationPlatforms) = preSolution
		Debug|anycpu = Debug|anycpu
		Release|anycpu = Release|anycpu
	EndGlobalSection
	GlobalSection(ProjectConfigurationPlatforms) = postSolution
		{DFA1D949-2E89-41CB-AA26-C2666815EE67}.Debug|anycpu.ActiveCfg = Debug|anycpu
		{DFA1D949-2E89-41CB-AA26-C2666815EE67}.Debug|anycpu.Build.0 = Debug|anycpu
		{DFA1D949-2E89-41CB-AA26-C2666815EE67}.Release|anycpu.ActiveCfg = Release|anycpu
		{DFA1D949-2E89-41CB-AA26-C2666815EE67}.Release|anycpu.Build.0 = Release|anycpu
	EndGlobalSection
	GlobalSection(SolutionProperties) = preSolution
		HideSolutionNode = FALSE
	EndGlobalSection
	GlobalSection(ExtensibilityGlobals) = postSolution
		SolutionGuid = {7E707CB5-8F24-431C-83C8-2AD7621F376A}
	EndGlobalSection
EndGlobal
