
Microsoft Visual Studio Solution File, Format Version 12.00
# Visual Studio Version 16
VisualStudioVersion = 16.0.808.3
MinimumVisualStudioVersion = 10.0.40219.1
Project("{FAE04EC0-301F-11D3-BF4B-00C04F79EFBC}") = "Exercise1.3", "Exercise1.3\Exercise1.3.csproj", "{C1D848D6-F473-4CBB-B348-AA73BBE8BDC5}"
EndProject
Global
	GlobalSection(SolutionConfigurationPlatforms) = preSolution
		Debug|anycpu = Debug|anycpu
		Release|anycpu = Release|anycpu
	EndGlobalSection
	GlobalSection(ProjectConfigurationPlatforms) = postSolution
		{C1D848D6-F473-4CBB-B348-AA73BBE8BDC5}.Debug|anycpu.ActiveCfg = Debug|anycpu
		{C1D848D6-F473-4CBB-B348-AA73BBE8BDC5}.Debug|anycpu.Build.0 = Debug|anycpu
		{C1D848D6-F473-4CBB-B348-AA73BBE8BDC5}.Release|anycpu.ActiveCfg = Release|anycpu
		{C1D848D6-F473-4CBB-B348-AA73BBE8BDC5}.Release|anycpu.Build.0 = Release|anycpu
	EndGlobalSection
	GlobalSection(SolutionProperties) = preSolution
		HideSolutionNode = FALSE
	EndGlobalSection
	GlobalSection(ExtensibilityGlobals) = postSolution
		SolutionGuid = {1B703291-CA6B-4401-BC3D-867707D7E46F}
	EndGlobalSection
EndGlobal
