
Microsoft Visual Studio Solution File, Format Version 12.00
# Visual Studio Version 16
VisualStudioVersion = 16.0.808.3
MinimumVisualStudioVersion = 10.0.40219.1
Project("{FAE04EC0-301F-11D3-BF4B-00C04F79EFBC}") = "Exercise1.4", "Exercise1.4\Exercise1.4.csproj", "{7F38FF5A-0515-44A6-8D33-2E566F9F2A0C}"
EndProject
Global
	GlobalSection(SolutionConfigurationPlatforms) = preSolution
		Debug|anycpu = Debug|anycpu
		Release|anycpu = Release|anycpu
	EndGlobalSection
	GlobalSection(ProjectConfigurationPlatforms) = postSolution
		{7F38FF5A-0515-44A6-8D33-2E566F9F2A0C}.Debug|anycpu.ActiveCfg = Debug|anycpu
		{7F38FF5A-0515-44A6-8D33-2E566F9F2A0C}.Debug|anycpu.Build.0 = Debug|anycpu
		{7F38FF5A-0515-44A6-8D33-2E566F9F2A0C}.Release|anycpu.ActiveCfg = Release|anycpu
		{7F38FF5A-0515-44A6-8D33-2E566F9F2A0C}.Release|anycpu.Build.0 = Release|anycpu
	EndGlobalSection
	GlobalSection(SolutionProperties) = preSolution
		HideSolutionNode = FALSE
	EndGlobalSection
	GlobalSection(ExtensibilityGlobals) = postSolution
		SolutionGuid = {1D46F86F-86BE-44A1-AB4F-B15F8EE4C597}
	EndGlobalSection
EndGlobal
