
Microsoft Visual Studio Solution File, Format Version 12.00
# Visual Studio 15
Project("{FAE04EC0-301F-11D3-BF4B-00C04F79EFBC}") = "ProgrammingAssignment3", "ProgrammingAssignment3\ProgrammingAssignment3.csproj", "{CBF537C1-655F-499A-BB1B-30A01B17AE9A}"
EndProject
Global
	GlobalSection(SolutionConfigurationPlatforms) = preSolution
		Debug|Any CPU = Debug|Any CPU
		Release|Any CPU = Release|Any CPU
	EndGlobalSection
	GlobalSection(ProjectConfigurationPlatforms) = postSolution
		{CBF537C1-655F-499A-BB1B-30A01B17AE9A}.Debug|Any CPU.ActiveCfg = Debug|Any CPU
		{CBF537C1-655F-499A-BB1B-30A01B17AE9A}.Debug|Any CPU.Build.0 = Debug|Any CPU
		{CBF537C1-655F-499A-BB1B-30A01B17AE9A}.Release|Any CPU.ActiveCfg = Release|Any CPU
		{CBF537C1-655F-499A-BB1B-30A01B17AE9A}.Release|Any CPU.Build.0 = Release|Any CPU
	EndGlobalSection
EndGlobal
