
Microsoft Visual Studio Solution File, Format Version 12.00
# Visual Studio Version 16
VisualStudioVersion = 16.0.808.3
MinimumVisualStudioVersion = 10.0.40219.1
Project("{FAE04EC0-301F-11D3-BF4B-00C04F79EFBC}") = "Exercise2.3", "Exercise2.3\Exercise2.3.csproj", "{22D699D6-F77D-4A59-BA82-DC422AAF0C49}"
EndProject
Global
	GlobalSection(SolutionConfigurationPlatforms) = preSolution
		Debug|anycpu = Debug|anycpu
		Release|anycpu = Release|anycpu
	EndGlobalSection
	GlobalSection(ProjectConfigurationPlatforms) = postSolution
		{22D699D6-F77D-4A59-BA82-DC422AAF0C49}.Debug|anycpu.ActiveCfg = Debug|anycpu
		{22D699D6-F77D-4A59-BA82-DC422AAF0C49}.Debug|anycpu.Build.0 = Debug|anycpu
		{22D699D6-F77D-4A59-BA82-DC422AAF0C49}.Release|anycpu.ActiveCfg = Release|anycpu
		{22D699D6-F77D-4A59-BA82-DC422AAF0C49}.Release|anycpu.Build.0 = Release|anycpu
	EndGlobalSection
	GlobalSection(SolutionProperties) = preSolution
		HideSolutionNode = FALSE
	EndGlobalSection
	GlobalSection(ExtensibilityGlobals) = postSolution
		SolutionGuid = {1BB7FC65-7F88-44A0-9D2D-236A6CEDF0E8}
	EndGlobalSection
EndGlobal
