
Microsoft Visual Studio Solution File, Format Version 12.00
# Visual Studio Version 16
VisualStudioVersion = 16.0.808.3
MinimumVisualStudioVersion = 10.0.40219.1
Project("{FAE04EC0-301F-11D3-BF4B-00C04F79EFBC}") = "Exercise3.1", "Exercise3.1\Exercise3.1.csproj", "{38D9F9E0-C750-4EF3-BB37-EF35D959B3BD}"
EndProject
Global
	GlobalSection(SolutionConfigurationPlatforms) = preSolution
		Debug|anycpu = Debug|anycpu
		Release|anycpu = Release|anycpu
	EndGlobalSection
	GlobalSection(ProjectConfigurationPlatforms) = postSolution
		{38D9F9E0-C750-4EF3-BB37-EF35D959B3BD}.Debug|anycpu.ActiveCfg = Debug|anycpu
		{38D9F9E0-C750-4EF3-BB37-EF35D959B3BD}.Debug|anycpu.Build.0 = Debug|anycpu
		{38D9F9E0-C750-4EF3-BB37-EF35D959B3BD}.Release|anycpu.ActiveCfg = Release|anycpu
		{38D9F9E0-C750-4EF3-BB37-EF35D959B3BD}.Release|anycpu.Build.0 = Release|anycpu
	EndGlobalSection
	GlobalSection(SolutionProperties) = preSolution
		HideSolutionNode = FALSE
	EndGlobalSection
	GlobalSection(ExtensibilityGlobals) = postSolution
		SolutionGuid = {BC1065A0-52E3-4E48-A29B-396439E82810}
	EndGlobalSection
EndGlobal
